
Microsoft Visual Studio Solution File, Format Version 12.00
# Visual Studio Version 16
VisualStudioVersion = 16.0.30114.105
MinimumVisualStudioVersion = 10.0.40219.1
Project("{FAE04EC0-301F-11D3-BF4B-00C04F79EFBC}") = "API", "API\API.csproj", "{4D438CE9-7735-4CB3-A952-DCE5E56D2165}"
EndProject
Project("{FAE04EC0-301F-11D3-BF4B-00C04F79EFBC}") = "Application", "Application\Application.csproj", "{0DCC4CB4-2CB5-4E88-A99B-86098F800C5B}"
EndProject
Project("{FAE04EC0-301F-11D3-BF4B-00C04F79EFBC}") = "Persistence", "Persistence\Persistence.csproj", "{D9D7E986-D6A7-439B-BA8A-28717A4C1A9D}"
EndProject
Project("{FAE04EC0-301F-11D3-BF4B-00C04F79EFBC}") = "Domain", "Domain\Domain.csproj", "{0AB6F1BC-59B4-4FE9-AED1-8DE2EC5A1B78}"
EndProject
Global
	GlobalSection(SolutionConfigurationPlatforms) = preSolution
		Debug|Any CPU = Debug|Any CPU
		Debug|x64 = Debug|x64
		Debug|x86 = Debug|x86
		Release|Any CPU = Release|Any CPU
		Release|x64 = Release|x64
		Release|x86 = Release|x86
	EndGlobalSection
	GlobalSection(SolutionProperties) = preSolution
		HideSolutionNode = FALSE
	EndGlobalSection
	GlobalSection(ProjectConfigurationPlatforms) = postSolution
		{4D438CE9-7735-4CB3-A952-DCE5E56D2165}.Debug|Any CPU.ActiveCfg = Debug|Any CPU
		{4D438CE9-7735-4CB3-A952-DCE5E56D2165}.Debug|Any CPU.Build.0 = Debug|Any CPU
		{4D438CE9-7735-4CB3-A952-DCE5E56D2165}.Debug|x64.ActiveCfg = Debug|Any CPU
		{4D438CE9-7735-4CB3-A952-DCE5E56D2165}.Debug|x64.Build.0 = Debug|Any CPU
		{4D438CE9-7735-4CB3-A952-DCE5E56D2165}.Debug|x86.ActiveCfg = Debug|Any CPU
		{4D438CE9-7735-4CB3-A952-DCE5E56D2165}.Debug|x86.Build.0 = Debug|Any CPU
		{4D438CE9-7735-4CB3-A952-DCE5E56D2165}.Release|Any CPU.ActiveCfg = Release|Any CPU
		{4D438CE9-7735-4CB3-A952-DCE5E56D2165}.Release|Any CPU.Build.0 = Release|Any CPU
		{4D438CE9-7735-4CB3-A952-DCE5E56D2165}.Release|x64.ActiveCfg = Release|Any CPU
		{4D438CE9-7735-4CB3-A952-DCE5E56D2165}.Release|x64.Build.0 = Release|Any CPU
		{4D438CE9-7735-4CB3-A952-DCE5E56D2165}.Release|x86.ActiveCfg = Release|Any CPU
		{4D438CE9-7735-4CB3-A952-DCE5E56D2165}.Release|x86.Build.0 = Release|Any CPU
		{0DCC4CB4-2CB5-4E88-A99B-86098F800C5B}.Debug|Any CPU.ActiveCfg = Debug|Any CPU
		{0DCC4CB4-2CB5-4E88-A99B-86098F800C5B}.Debug|Any CPU.Build.0 = Debug|Any CPU
		{0DCC4CB4-2CB5-4E88-A99B-86098F800C5B}.Debug|x64.ActiveCfg = Debug|Any CPU
		{0DCC4CB4-2CB5-4E88-A99B-86098F800C5B}.Debug|x64.Build.0 = Debug|Any CPU
		{0DCC4CB4-2CB5-4E88-A99B-86098F800C5B}.Debug|x86.ActiveCfg = Debug|Any CPU
		{0DCC4CB4-2CB5-4E88-A99B-86098F800C5B}.Debug|x86.Build.0 = Debug|Any CPU
		{0DCC4CB4-2CB5-4E88-A99B-86098F800C5B}.Release|Any CPU.ActiveCfg = Release|Any CPU
		{0DCC4CB4-2CB5-4E88-A99B-86098F800C5B}.Release|Any CPU.Build.0 = Release|Any CPU
		{0DCC4CB4-2CB5-4E88-A99B-86098F800C5B}.Release|x64.ActiveCfg = Release|Any CPU
		{0DCC4CB4-2CB5-4E88-A99B-86098F800C5B}.Release|x64.Build.0 = Release|Any CPU
		{0DCC4CB4-2CB5-4E88-A99B-86098F800C5B}.Release|x86.ActiveCfg = Release|Any CPU
		{0DCC4CB4-2CB5-4E88-A99B-86098F800C5B}.Release|x86.Build.0 = Release|Any CPU
		{D9D7E986-D6A7-439B-BA8A-28717A4C1A9D}.Debug|Any CPU.ActiveCfg = Debug|Any CPU
		{D9D7E986-D6A7-439B-BA8A-28717A4C1A9D}.Debug|Any CPU.Build.0 = Debug|Any CPU
		{D9D7E986-D6A7-439B-BA8A-28717A4C1A9D}.Debug|x64.ActiveCfg = Debug|Any CPU
		{D9D7E986-D6A7-439B-BA8A-28717A4C1A9D}.Debug|x64.Build.0 = Debug|Any CPU
		{D9D7E986-D6A7-439B-BA8A-28717A4C1A9D}.Debug|x86.ActiveCfg = Debug|Any CPU
		{D9D7E986-D6A7-439B-BA8A-28717A4C1A9D}.Debug|x86.Build.0 = Debug|Any CPU
		{D9D7E986-D6A7-439B-BA8A-28717A4C1A9D}.Release|Any CPU.ActiveCfg = Release|Any CPU
		{D9D7E986-D6A7-439B-BA8A-28717A4C1A9D}.Release|Any CPU.Build.0 = Release|Any CPU
		{D9D7E986-D6A7-439B-BA8A-28717A4C1A9D}.Release|x64.ActiveCfg = Release|Any CPU
		{D9D7E986-D6A7-439B-BA8A-28717A4C1A9D}.Release|x64.Build.0 = Release|Any CPU
		{D9D7E986-D6A7-439B-BA8A-28717A4C1A9D}.Release|x86.ActiveCfg = Release|Any CPU
		{D9D7E986-D6A7-439B-BA8A-28717A4C1A9D}.Release|x86.Build.0 = Release|Any CPU
		{0AB6F1BC-59B4-4FE9-AED1-8DE2EC5A1B78}.Debug|Any CPU.ActiveCfg = Debug|Any CPU
		{0AB6F1BC-59B4-4FE9-AED1-8DE2EC5A1B78}.Debug|Any CPU.Build.0 = Debug|Any CPU
		{0AB6F1BC-59B4-4FE9-AED1-8DE2EC5A1B78}.Debug|x64.ActiveCfg = Debug|Any CPU
		{0AB6F1BC-59B4-4FE9-AED1-8DE2EC5A1B78}.Debug|x64.Build.0 = Debug|Any CPU
		{0AB6F1BC-59B4-4FE9-AED1-8DE2EC5A1B78}.Debug|x86.ActiveCfg = Debug|Any CPU
		{0AB6F1BC-59B4-4FE9-AED1-8DE2EC5A1B78}.Debug|x86.Build.0 = Debug|Any CPU
		{0AB6F1BC-59B4-4FE9-AED1-8DE2EC5A1B78}.Release|Any CPU.ActiveCfg = Release|Any CPU
		{0AB6F1BC-59B4-4FE9-AED1-8DE2EC5A1B78}.Release|Any CPU.Build.0 = Release|Any CPU
		{0AB6F1BC-59B4-4FE9-AED1-8DE2EC5A1B78}.Release|x64.ActiveCfg = Release|Any CPU
		{0AB6F1BC-59B4-4FE9-AED1-8DE2EC5A1B78}.Release|x64.Build.0 = Release|Any CPU
		{0AB6F1BC-59B4-4FE9-AED1-8DE2EC5A1B78}.Release|x86.ActiveCfg = Release|Any CPU
		{0AB6F1BC-59B4-4FE9-AED1-8DE2EC5A1B78}.Release|x86.Build.0 = Release|Any CPU
	EndGlobalSection
EndGlobal
